// !$*UTF8*$!
{
	archiveVersion = 1;
	classes = {
	};
	objectVersion = 46;
	objects = {

/* Begin PBXBuildFile section */
		B68BAC4C167A58A60071F34D /* Cocoa.framework in Frameworks */ = {isa = PBXBuildFile; fileRef = B68BAC4B167A58A60071F34D /* Cocoa.framework */; };
		B68BAC56167A58A60071F34D /* InfoPlist.strings in Resources */ = {isa = PBXBuildFile; fileRef = B68BAC54167A58A60071F34D /* InfoPlist.strings */; };
		B68BAC58167A58A60071F34D /* main.m in Sources */ = {isa = PBXBuildFile; fileRef = B68BAC57167A58A60071F34D /* main.m */; };
		B68BAC5C167A58A60071F34D /* Credits.rtf in Resources */ = {isa = PBXBuildFile; fileRef = B68BAC5A167A58A60071F34D /* Credits.rtf */; };
		B68BAC5F167A58A60071F34D /* SUBAppDelegate.m in Sources */ = {isa = PBXBuildFile; fileRef = B68BAC5E167A58A60071F34D /* SUBAppDelegate.m */; };
		B68BAC62167A58A60071F34D /* MainMenu.xib in Resources */ = {isa = PBXBuildFile; fileRef = B68BAC60167A58A60071F34D /* MainMenu.xib */; };
		B68BAC6E167A5AFE0071F34D /* SUBHashAlgorithm.m in Sources */ = {isa = PBXBuildFile; fileRef = B68BAC6D167A5AFE0071F34D /* SUBHashAlgorithm.m */; };
		C0315CBF16D672F7007E3EAD /* SUBDropView.m in Sources */ = {isa = PBXBuildFile; fileRef = C0315CBE16D672F7007E3EAD /* SUBDropView.m */; };
		C0315CC216D673FA007E3EAD /* SUBMovieDropView.m in Sources */ = {isa = PBXBuildFile; fileRef = C0315CC116D673FA007E3EAD /* SUBMovieDropView.m */; };
		C050CCA616D6CC9600946582 /* NSLocale+SUBLanguagesNames.m in Sources */ = {isa = PBXBuildFile; fileRef = C050CCA516D6CC9600946582 /* NSLocale+SUBLanguagesNames.m */; };
		C052B43B16D6D2E60041112B /* SUBPreferences.m in Sources */ = {isa = PBXBuildFile; fileRef = C052B43A16D6D2E60041112B /* SUBPreferences.m */; };
		C0D077AE16DE9B8C00C3AB46 /* iso639-2.json in Resources */ = {isa = PBXBuildFile; fileRef = C0D077AD16DE9B8C00C3AB46 /* iso639-2.json */; };
		C0D077B016DEC1E500C3AB46 /* Makefile in Sources */ = {isa = PBXBuildFile; fileRef = C0D077AF16DEC1E500C3AB46 /* Makefile */; };
		C0D4D49C16DD02CA003BC8EB /* SUBSubtitleManager.m in Sources */ = {isa = PBXBuildFile; fileRef = C0D4D49B16DD02CA003BC8EB /* SUBSubtitleManager.m */; };
		C0DE09DA16DD4FBF00FD2D3B /* Sparkle.framework in Frameworks */ = {isa = PBXBuildFile; fileRef = C0DE09D916DD4FBF00FD2D3B /* Sparkle.framework */; };
		C0DE09DC16DD4FF500FD2D3B /* Sparkle.framework in CopyFiles */ = {isa = PBXBuildFile; fileRef = C0DE09D916DD4FBF00FD2D3B /* Sparkle.framework */; };
		C0DFC8D216D67CB600577B1D /* SUBPreferencesController.m in Sources */ = {isa = PBXBuildFile; fileRef = C0DFC8D016D67CB600577B1D /* SUBPreferencesController.m */; };
		C0DFC8D316D67CB600577B1D /* Preferences.xib in Resources */ = {isa = PBXBuildFile; fileRef = C0DFC8D116D67CB600577B1D /* Preferences.xib */; };
		E6A7ED7A7F9B4A6A8B9118E9 /* libPods.a in Frameworks */ = {isa = PBXBuildFile; fileRef = 014791EC2218413A991BEC44 /* libPods.a */; };
/* End PBXBuildFile section */

/* Begin PBXCopyFilesBuildPhase section */
		C0DE09DB16DD4FE800FD2D3B /* CopyFiles */ = {
			isa = PBXCopyFilesBuildPhase;
			buildActionMask = 2147483647;
			dstPath = "";
			dstSubfolderSpec = 10;
			files = (
				C0DE09DC16DD4FF500FD2D3B /* Sparkle.framework in CopyFiles */,
			);
			runOnlyForDeploymentPostprocessing = 0;
		};
/* End PBXCopyFilesBuildPhase section */

/* Begin PBXFileReference section */
		014791EC2218413A991BEC44 /* libPods.a */ = {isa = PBXFileReference; explicitFileType = archive.ar; includeInIndex = 0; path = libPods.a; sourceTree = BUILT_PRODUCTS_DIR; };
		A51EFD5DD88D4EB4A6958397 /* Pods.xcconfig */ = {isa = PBXFileReference; includeInIndex = 1; lastKnownFileType = text.xcconfig; name = Pods.xcconfig; path = Pods/Pods.xcconfig; sourceTree = SOURCE_ROOT; };
		B68BAC47167A58A60071F34D /* Subtilest.app */ = {isa = PBXFileReference; explicitFileType = wrapper.application; includeInIndex = 0; path = Subtilest.app; sourceTree = BUILT_PRODUCTS_DIR; };
		B68BAC4B167A58A60071F34D /* Cocoa.framework */ = {isa = PBXFileReference; lastKnownFileType = wrapper.framework; name = Cocoa.framework; path = System/Library/Frameworks/Cocoa.framework; sourceTree = SDKROOT; };
		B68BAC4E167A58A60071F34D /* AppKit.framework */ = {isa = PBXFileReference; lastKnownFileType = wrapper.framework; name = AppKit.framework; path = System/Library/Frameworks/AppKit.framework; sourceTree = SDKROOT; };
		B68BAC4F167A58A60071F34D /* CoreData.framework */ = {isa = PBXFileReference; lastKnownFileType = wrapper.framework; name = CoreData.framework; path = System/Library/Frameworks/CoreData.framework; sourceTree = SDKROOT; };
		B68BAC50167A58A60071F34D /* Foundation.framework */ = {isa = PBXFileReference; lastKnownFileType = wrapper.framework; name = Foundation.framework; path = System/Library/Frameworks/Foundation.framework; sourceTree = SDKROOT; };
		B68BAC53167A58A60071F34D /* Subtilest-Info.plist */ = {isa = PBXFileReference; lastKnownFileType = text.plist.xml; path = "Subtilest-Info.plist"; sourceTree = "<group>"; };
		B68BAC55167A58A60071F34D /* en */ = {isa = PBXFileReference; lastKnownFileType = text.plist.strings; name = en; path = en.lproj/InfoPlist.strings; sourceTree = "<group>"; };
		B68BAC57167A58A60071F34D /* main.m */ = {isa = PBXFileReference; lastKnownFileType = sourcecode.c.objc; path = main.m; sourceTree = "<group>"; };
		B68BAC59167A58A60071F34D /* Subtilest-Prefix.pch */ = {isa = PBXFileReference; lastKnownFileType = sourcecode.c.h; path = "Subtilest-Prefix.pch"; sourceTree = "<group>"; };
		B68BAC5B167A58A60071F34D /* en */ = {isa = PBXFileReference; lastKnownFileType = text.rtf; name = en; path = en.lproj/Credits.rtf; sourceTree = "<group>"; };
		B68BAC5D167A58A60071F34D /* SUBAppDelegate.h */ = {isa = PBXFileReference; lastKnownFileType = sourcecode.c.h; path = SUBAppDelegate.h; sourceTree = "<group>"; };
		B68BAC5E167A58A60071F34D /* SUBAppDelegate.m */ = {isa = PBXFileReference; lastKnownFileType = sourcecode.c.objc; path = SUBAppDelegate.m; sourceTree = "<group>"; };
		B68BAC61167A58A60071F34D /* en */ = {isa = PBXFileReference; lastKnownFileType = file.xib; name = en; path = en.lproj/MainMenu.xib; sourceTree = "<group>"; };
		B68BAC6C167A5AFE0071F34D /* SUBHashAlgorithm.h */ = {isa = PBXFileReference; fileEncoding = 4; lastKnownFileType = sourcecode.c.h; path = SUBHashAlgorithm.h; sourceTree = "<group>"; };
		B68BAC6D167A5AFE0071F34D /* SUBHashAlgorithm.m */ = {isa = PBXFileReference; fileEncoding = 4; lastKnownFileType = sourcecode.c.objc; path = SUBHashAlgorithm.m; sourceTree = "<group>"; };
		B68BAC6F167A5C3C0071F34D /* Subtilest.entitlements */ = {isa = PBXFileReference; lastKnownFileType = text.xml; path = Subtilest.entitlements; sourceTree = "<group>"; };
		C0315CBD16D672F7007E3EAD /* SUBDropView.h */ = {isa = PBXFileReference; fileEncoding = 4; lastKnownFileType = sourcecode.c.h; path = SUBDropView.h; sourceTree = "<group>"; };
		C0315CBE16D672F7007E3EAD /* SUBDropView.m */ = {isa = PBXFileReference; fileEncoding = 4; lastKnownFileType = sourcecode.c.objc; path = SUBDropView.m; sourceTree = "<group>"; };
		C0315CC016D673FA007E3EAD /* SUBMovieDropView.h */ = {isa = PBXFileReference; fileEncoding = 4; lastKnownFileType = sourcecode.c.h; path = SUBMovieDropView.h; sourceTree = "<group>"; };
		C0315CC116D673FA007E3EAD /* SUBMovieDropView.m */ = {isa = PBXFileReference; fileEncoding = 4; lastKnownFileType = sourcecode.c.objc; path = SUBMovieDropView.m; sourceTree = "<group>"; };
		C050CCA416D6CC9600946582 /* NSLocale+SUBLanguagesNames.h */ = {isa = PBXFileReference; fileEncoding = 4; lastKnownFileType = sourcecode.c.h; path = "NSLocale+SUBLanguagesNames.h"; sourceTree = "<group>"; };
		C050CCA516D6CC9600946582 /* NSLocale+SUBLanguagesNames.m */ = {isa = PBXFileReference; fileEncoding = 4; lastKnownFileType = sourcecode.c.objc; path = "NSLocale+SUBLanguagesNames.m"; sourceTree = "<group>"; };
		C052B43916D6D2E60041112B /* SUBPreferences.h */ = {isa = PBXFileReference; fileEncoding = 4; lastKnownFileType = sourcecode.c.h; path = SUBPreferences.h; sourceTree = "<group>"; };
		C052B43A16D6D2E60041112B /* SUBPreferences.m */ = {isa = PBXFileReference; fileEncoding = 4; lastKnownFileType = sourcecode.c.objc; path = SUBPreferences.m; sourceTree = "<group>"; };
		C05A8B1216DD4653004562C2 /* Podfile */ = {isa = PBXFileReference; lastKnownFileType = text; path = Podfile; sourceTree = SOURCE_ROOT; };
		C0D077AD16DE9B8C00C3AB46 /* iso639-2.json */ = {isa = PBXFileReference; fileEncoding = 4; lastKnownFileType = text.json; path = "iso639-2.json"; sourceTree = "<group>"; };
		C0D077AF16DEC1E500C3AB46 /* Makefile */ = {isa = PBXFileReference; fileEncoding = 4; lastKnownFileType = sourcecode.make; path = Makefile; sourceTree = SOURCE_ROOT; };
		C0D4D49A16DD02CA003BC8EB /* SUBSubtitleManager.h */ = {isa = PBXFileReference; fileEncoding = 4; lastKnownFileType = sourcecode.c.h; path = SUBSubtitleManager.h; sourceTree = "<group>"; };
		C0D4D49B16DD02CA003BC8EB /* SUBSubtitleManager.m */ = {isa = PBXFileReference; fileEncoding = 4; lastKnownFileType = sourcecode.c.objc; path = SUBSubtitleManager.m; sourceTree = "<group>"; };
		C0DE09D916DD4FBF00FD2D3B /* Sparkle.framework */ = {isa = PBXFileReference; lastKnownFileType = wrapper.framework; path = Sparkle.framework; sourceTree = "<group>"; };
		C0DFC8CF16D67CB600577B1D /* SUBPreferencesController.h */ = {isa = PBXFileReference; fileEncoding = 4; lastKnownFileType = sourcecode.c.h; path = SUBPreferencesController.h; sourceTree = "<group>"; };
		C0DFC8D016D67CB600577B1D /* SUBPreferencesController.m */ = {isa = PBXFileReference; fileEncoding = 4; lastKnownFileType = sourcecode.c.objc; path = SUBPreferencesController.m; sourceTree = "<group>"; };
		C0DFC8D116D67CB600577B1D /* Preferences.xib */ = {isa = PBXFileReference; fileEncoding = 4; lastKnownFileType = file.xib; path = Preferences.xib; sourceTree = "<group>"; };
/* End PBXFileReference section */

/* Begin PBXFrameworksBuildPhase section */
		B68BAC44167A58A60071F34D /* Frameworks */ = {
			isa = PBXFrameworksBuildPhase;
			buildActionMask = 2147483647;
			files = (
				B68BAC4C167A58A60071F34D /* Cocoa.framework in Frameworks */,
				E6A7ED7A7F9B4A6A8B9118E9 /* libPods.a in Frameworks */,
				C0DE09DA16DD4FBF00FD2D3B /* Sparkle.framework in Frameworks */,
			);
			runOnlyForDeploymentPostprocessing = 0;
		};
/* End PBXFrameworksBuildPhase section */

/* Begin PBXGroup section */
		B68BAC3C167A58A60071F34D = {
			isa = PBXGroup;
			children = (
				B68BAC51167A58A60071F34D /* Subtilest */,
				B68BAC4A167A58A60071F34D /* Frameworks */,
				B68BAC48167A58A60071F34D /* Products */,
				A51EFD5DD88D4EB4A6958397 /* Pods.xcconfig */,
			);
			sourceTree = "<group>";
		};
		B68BAC48167A58A60071F34D /* Products */ = {
			isa = PBXGroup;
			children = (
				B68BAC47167A58A60071F34D /* Subtilest.app */,
			);
			name = Products;
			sourceTree = "<group>";
		};
		B68BAC4A167A58A60071F34D /* Frameworks */ = {
			isa = PBXGroup;
			children = (
				C0DE09D916DD4FBF00FD2D3B /* Sparkle.framework */,
				B68BAC4B167A58A60071F34D /* Cocoa.framework */,
				B68BAC4D167A58A60071F34D /* Other Frameworks */,
				014791EC2218413A991BEC44 /* libPods.a */,
			);
			name = Frameworks;
			sourceTree = "<group>";
		};
		B68BAC4D167A58A60071F34D /* Other Frameworks */ = {
			isa = PBXGroup;
			children = (
				B68BAC4E167A58A60071F34D /* AppKit.framework */,
				B68BAC4F167A58A60071F34D /* CoreData.framework */,
				B68BAC50167A58A60071F34D /* Foundation.framework */,
			);
			name = "Other Frameworks";
			sourceTree = "<group>";
		};
		B68BAC51167A58A60071F34D /* Subtilest */ = {
			isa = PBXGroup;
			children = (
				B68BAC5D167A58A60071F34D /* SUBAppDelegate.h */,
				B68BAC5E167A58A60071F34D /* SUBAppDelegate.m */,
				B68BAC60167A58A60071F34D /* MainMenu.xib */,
				B68BAC6F167A5C3C0071F34D /* Subtilest.entitlements */,
				C0D4D49916DD002E003BC8EB /* Utilities */,
				C052B43C16D6DB310041112B /* Views */,
				C0DFC8D516D684F700577B1D /* Preferences */,
				C050CCA716D6CC9B00946582 /* Categories */,
				B68BAC52167A58A60071F34D /* Supporting Files */,
			);
			path = Subtilest;
			sourceTree = "<group>";
		};
		B68BAC52167A58A60071F34D /* Supporting Files */ = {
			isa = PBXGroup;
			children = (
				B68BAC53167A58A60071F34D /* Subtilest-Info.plist */,
				C05A8B1216DD4653004562C2 /* Podfile */,
				C0D077AF16DEC1E500C3AB46 /* Makefile */,
				B68BAC54167A58A60071F34D /* InfoPlist.strings */,
				B68BAC57167A58A60071F34D /* main.m */,
				B68BAC59167A58A60071F34D /* Subtilest-Prefix.pch */,
				B68BAC5A167A58A60071F34D /* Credits.rtf */,
				C0D077AD16DE9B8C00C3AB46 /* iso639-2.json */,
			);
			name = "Supporting Files";
			sourceTree = "<group>";
		};
		C050CCA716D6CC9B00946582 /* Categories */ = {
			isa = PBXGroup;
			children = (
				C050CCA416D6CC9600946582 /* NSLocale+SUBLanguagesNames.h */,
				C050CCA516D6CC9600946582 /* NSLocale+SUBLanguagesNames.m */,
			);
			name = Categories;
			sourceTree = "<group>";
		};
		C052B43C16D6DB310041112B /* Views */ = {
			isa = PBXGroup;
			children = (
				C0315CBD16D672F7007E3EAD /* SUBDropView.h */,
				C0315CBE16D672F7007E3EAD /* SUBDropView.m */,
				C0315CC016D673FA007E3EAD /* SUBMovieDropView.h */,
				C0315CC116D673FA007E3EAD /* SUBMovieDropView.m */,
			);
			name = Views;
			sourceTree = "<group>";
		};
		C0D4D49916DD002E003BC8EB /* Utilities */ = {
			isa = PBXGroup;
			children = (
				B68BAC6C167A5AFE0071F34D /* SUBHashAlgorithm.h */,
				B68BAC6D167A5AFE0071F34D /* SUBHashAlgorithm.m */,
				C0D4D49A16DD02CA003BC8EB /* SUBSubtitleManager.h */,
				C0D4D49B16DD02CA003BC8EB /* SUBSubtitleManager.m */,
			);
			name = Utilities;
			sourceTree = "<group>";
		};
		C0DFC8D516D684F700577B1D /* Preferences */ = {
			isa = PBXGroup;
			children = (
				C0DFC8D116D67CB600577B1D /* Preferences.xib */,
				C0DFC8CF16D67CB600577B1D /* SUBPreferencesController.h */,
				C0DFC8D016D67CB600577B1D /* SUBPreferencesController.m */,
				C052B43916D6D2E60041112B /* SUBPreferences.h */,
				C052B43A16D6D2E60041112B /* SUBPreferences.m */,
			);
			name = Preferences;
			sourceTree = "<group>";
		};
/* End PBXGroup section */

/* Begin PBXNativeTarget section */
		B68BAC46167A58A60071F34D /* Subtilest */ = {
			isa = PBXNativeTarget;
			buildConfigurationList = B68BAC65167A58A60071F34D /* Build configuration list for PBXNativeTarget "Subtilest" */;
			buildPhases = (
				B68BAC43167A58A60071F34D /* Sources */,
				B68BAC44167A58A60071F34D /* Frameworks */,
				B68BAC45167A58A60071F34D /* Resources */,
				BD507128368C4A0383A028B8 /* Copy Pods Resources */,
				C0DE09DB16DD4FE800FD2D3B /* CopyFiles */,
			);
			buildRules = (
			);
			dependencies = (
			);
			name = Subtilest;
			productName = Subtilest;
			productReference = B68BAC47167A58A60071F34D /* Subtilest.app */;
			productType = "com.apple.product-type.application";
		};
/* End PBXNativeTarget section */

/* Begin PBXProject section */
		B68BAC3E167A58A60071F34D /* Project object */ = {
			isa = PBXProject;
			attributes = {
				CLASSPREFIX = SUB;
				LastUpgradeCheck = 0450;
				ORGANIZATIONNAME = "Frederic Jacobs";
			};
			buildConfigurationList = B68BAC41167A58A60071F34D /* Build configuration list for PBXProject "Subtilest" */;
			compatibilityVersion = "Xcode 3.2";
			developmentRegion = English;
			hasScannedForEncodings = 0;
			knownRegions = (
				en,
			);
			mainGroup = B68BAC3C167A58A60071F34D;
			productRefGroup = B68BAC48167A58A60071F34D /* Products */;
			projectDirPath = "";
			projectRoot = "";
			targets = (
				B68BAC46167A58A60071F34D /* Subtilest */,
			);
		};
/* End PBXProject section */

/* Begin PBXResourcesBuildPhase section */
		B68BAC45167A58A60071F34D /* Resources */ = {
			isa = PBXResourcesBuildPhase;
			buildActionMask = 2147483647;
			files = (
				B68BAC56167A58A60071F34D /* InfoPlist.strings in Resources */,
				B68BAC5C167A58A60071F34D /* Credits.rtf in Resources */,
				B68BAC62167A58A60071F34D /* MainMenu.xib in Resources */,
				C0DFC8D316D67CB600577B1D /* Preferences.xib in Resources */,
				C0D077AE16DE9B8C00C3AB46 /* iso639-2.json in Resources */,
			);
			runOnlyForDeploymentPostprocessing = 0;
		};
/* End PBXResourcesBuildPhase section */

/* Begin PBXShellScriptBuildPhase section */
		BD507128368C4A0383A028B8 /* Copy Pods Resources */ = {
			isa = PBXShellScriptBuildPhase;
			buildActionMask = 2147483647;
			files = (
			);
			inputPaths = (
			);
			name = "Copy Pods Resources";
			outputPaths = (
			);
			runOnlyForDeploymentPostprocessing = 0;
			shellPath = /bin/sh;
			shellScript = "\"${SRCROOT}/Pods/Pods-resources.sh\"\n";
		};
/* End PBXShellScriptBuildPhase section */

/* Begin PBXSourcesBuildPhase section */
		B68BAC43167A58A60071F34D /* Sources */ = {
			isa = PBXSourcesBuildPhase;
			buildActionMask = 2147483647;
			files = (
				B68BAC58167A58A60071F34D /* main.m in Sources */,
				B68BAC5F167A58A60071F34D /* SUBAppDelegate.m in Sources */,
				B68BAC6E167A5AFE0071F34D /* SUBHashAlgorithm.m in Sources */,
				C0315CBF16D672F7007E3EAD /* SUBDropView.m in Sources */,
				C0315CC216D673FA007E3EAD /* SUBMovieDropView.m in Sources */,
				C0DFC8D216D67CB600577B1D /* SUBPreferencesController.m in Sources */,
				C050CCA616D6CC9600946582 /* NSLocale+SUBLanguagesNames.m in Sources */,
				C052B43B16D6D2E60041112B /* SUBPreferences.m in Sources */,
				C0D4D49C16DD02CA003BC8EB /* SUBSubtitleManager.m in Sources */,
				C0D077B016DEC1E500C3AB46 /* Makefile in Sources */,
			);
			runOnlyForDeploymentPostprocessing = 0;
		};
/* End PBXSourcesBuildPhase section */

/* Begin PBXVariantGroup section */
		B68BAC54167A58A60071F34D /* InfoPlist.strings */ = {
			isa = PBXVariantGroup;
			children = (
				B68BAC55167A58A60071F34D /* en */,
			);
			name = InfoPlist.strings;
			sourceTree = "<group>";
		};
		B68BAC5A167A58A60071F34D /* Credits.rtf */ = {
			isa = PBXVariantGroup;
			children = (
				B68BAC5B167A58A60071F34D /* en */,
			);
			name = Credits.rtf;
			sourceTree = "<group>";
		};
		B68BAC60167A58A60071F34D /* MainMenu.xib */ = {
			isa = PBXVariantGroup;
			children = (
				B68BAC61167A58A60071F34D /* en */,
			);
			name = MainMenu.xib;
			sourceTree = "<group>";
		};
/* End PBXVariantGroup section */

/* Begin XCBuildConfiguration section */
		B68BAC63167A58A60071F34D /* Debug */ = {
			isa = XCBuildConfiguration;
			buildSettings = {
				ALWAYS_SEARCH_USER_PATHS = NO;
				ARCHS = "$(ARCHS_STANDARD_64_BIT)";
				CLANG_CXX_LANGUAGE_STANDARD = "gnu++0x";
				CLANG_CXX_LIBRARY = "libc++";
				CLANG_ENABLE_OBJC_ARC = YES;
				CLANG_WARN_EMPTY_BODY = YES;
				CLANG_WARN__DUPLICATE_METHOD_MATCH = YES;
				COPY_PHASE_STRIP = NO;
				GCC_C_LANGUAGE_STANDARD = gnu99;
				GCC_DYNAMIC_NO_PIC = NO;
				GCC_ENABLE_OBJC_EXCEPTIONS = YES;
				GCC_OPTIMIZATION_LEVEL = 0;
				GCC_PREPROCESSOR_DEFINITIONS = (
					"DEBUG=1",
					"$(inherited)",
				);
				GCC_SYMBOLS_PRIVATE_EXTERN = NO;
				GCC_WARN_64_TO_32_BIT_CONVERSION = YES;
				GCC_WARN_ABOUT_RETURN_TYPE = YES;
				GCC_WARN_UNINITIALIZED_AUTOS = YES;
				GCC_WARN_UNUSED_VARIABLE = YES;
				MACOSX_DEPLOYMENT_TARGET = 10.8;
				ONLY_ACTIVE_ARCH = YES;
				SDKROOT = macosx;
			};
			name = Debug;
		};
		B68BAC64167A58A60071F34D /* Release */ = {
			isa = XCBuildConfiguration;
			buildSettings = {
				ALWAYS_SEARCH_USER_PATHS = NO;
				ARCHS = "$(ARCHS_STANDARD_64_BIT)";
				CLANG_CXX_LANGUAGE_STANDARD = "gnu++0x";
				CLANG_CXX_LIBRARY = "libc++";
				CLANG_ENABLE_OBJC_ARC = YES;
				CLANG_WARN_EMPTY_BODY = YES;
				CLANG_WARN__DUPLICATE_METHOD_MATCH = YES;
				COPY_PHASE_STRIP = YES;
				DEBUG_INFORMATION_FORMAT = "dwarf-with-dsym";
				GCC_C_LANGUAGE_STANDARD = gnu99;
				GCC_ENABLE_OBJC_EXCEPTIONS = YES;
				GCC_WARN_64_TO_32_BIT_CONVERSION = YES;
				GCC_WARN_ABOUT_RETURN_TYPE = YES;
				GCC_WARN_UNINITIALIZED_AUTOS = YES;
				GCC_WARN_UNUSED_VARIABLE = YES;
				MACOSX_DEPLOYMENT_TARGET = 10.8;
				SDKROOT = macosx;
			};
			name = Release;
		};
		B68BAC66167A58A60071F34D /* Debug */ = {
			isa = XCBuildConfiguration;
			baseConfigurationReference = A51EFD5DD88D4EB4A6958397 /* Pods.xcconfig */;
			buildSettings = {
				CODE_SIGN_ENTITLEMENTS = Subtilest/Subtilest.entitlements;
				COMBINE_HIDPI_IMAGES = YES;
				FRAMEWORK_SEARCH_PATHS = (
					"$(inherited)",
					"\"$(SRCROOT)/../../../Library/Developer/Xcode/DerivedData/Subtilest-hggyrjikqmiwvhcrepdbfipbmgyr/Build/Products/Release\"",
					"\"$(SRCROOT)\"",
				);
				GCC_PRECOMPILE_PREFIX_HEADER = YES;
				GCC_PREFIX_HEADER = "Subtilest/Subtilest-Prefix.pch";
				INFOPLIST_FILE = "Subtilest/Subtilest-Info.plist";
				PRODUCT_NAME = "$(TARGET_NAME)";
				WRAPPER_EXTENSION = app;
			};
			name = Debug;
		};
		B68BAC67167A58A60071F34D /* Release */ = {
			isa = XCBuildConfiguration;
			baseConfigurationReference = A51EFD5DD88D4EB4A6958397 /* Pods.xcconfig */;
			buildSettings = {
				CODE_SIGN_ENTITLEMENTS = Subtilest/Subtilest.entitlements;
				COMBINE_HIDPI_IMAGES = YES;
				FRAMEWORK_SEARCH_PATHS = (
					"$(inherited)",
					"\"$(SRCROOT)/../../../Library/Developer/Xcode/DerivedData/Subtilest-hggyrjikqmiwvhcrepdbfipbmgyr/Build/Products/Release\"",
					"\"$(SRCROOT)\"",
				);
				GCC_PRECOMPILE_PREFIX_HEADER = YES;
				GCC_PREFIX_HEADER = "Subtilest/Subtilest-Prefix.pch";
				INFOPLIST_FILE = "Subtilest/Subtilest-Info.plist";
				PRODUCT_NAME = "$(TARGET_NAME)";
				WRAPPER_EXTENSION = app;
			};
			name = Release;
		};
/* End XCBuildConfiguration section */

/* Begin XCConfigurationList section */
		B68BAC41167A58A60071F34D /* Build configuration list for PBXProject "Subtilest" */ = {
			isa = XCConfigurationList;
			buildConfigurations = (
				B68BAC63167A58A60071F34D /* Debug */,
				B68BAC64167A58A60071F34D /* Release */,
			);
			defaultConfigurationIsVisible = 0;
			defaultConfigurationName = Release;
		};
		B68BAC65167A58A60071F34D /* Build configuration list for PBXNativeTarget "Subtilest" */ = {
			isa = XCConfigurationList;
			buildConfigurations = (
				B68BAC66167A58A60071F34D /* Debug */,
				B68BAC67167A58A60071F34D /* Release */,
			);
			defaultConfigurationIsVisible = 0;
			defaultConfigurationName = Release;
		};
/* End XCConfigurationList section */
	};
	rootObject = B68BAC3E167A58A60071F34D /* Project object */;
}
